
Microsoft Visual Studio Solution File, Format Version 12.00
# Visual Studio Version 16
VisualStudioVersion = 16.0.29521.150
MinimumVisualStudioVersion = 10.0.40219.1
Project("{9A19103F-16F7-4668-BE54-9A1E7A4F7556}") = "Renci.SshNet.Core.Test", "Renci.SshNet.Core.Test\Renci.SshNet.Core.Test.csproj", "{33193326-9904-48B2-90D8-9AC51F21FE1F}"
EndProject
Project("{9A19103F-16F7-4668-BE54-9A1E7A4F7556}") = "Renci.SshNet.Core", "Renci.SshNet.Core\Renci.SshNet.Core.csproj", "{B89C69FD-D197-469B-9BF9-D2174308E2ED}"
EndProject
Global
	GlobalSection(SolutionConfigurationPlatforms) = preSolution
		Debug|Any CPU = Debug|Any CPU
		Debug|ARM = Debug|ARM
		Debug|Mixed Platforms = Debug|Mixed Platforms
		Debug|x64 = Debug|x64
		Debug|x86 = Debug|x86
		Release|Any CPU = Release|Any CPU
		Release|ARM = Release|ARM
		Release|Mixed Platforms = Release|Mixed Platforms
		Release|x64 = Release|x64
		Release|x86 = Release|x86
	EndGlobalSection
	GlobalSection(ProjectConfigurationPlatforms) = postSolution
		{33193326-9904-48B2-90D8-9AC51F21FE1F}.Debug|Any CPU.ActiveCfg = Debug|Any CPU
		{33193326-9904-48B2-90D8-9AC51F21FE1F}.Debug|Any CPU.Build.0 = Debug|Any CPU
		{33193326-9904-48B2-90D8-9AC51F21FE1F}.Debug|ARM.ActiveCfg = Debug|Any CPU
		{33193326-9904-48B2-90D8-9AC51F21FE1F}.Debug|ARM.Build.0 = Debug|Any CPU
		{33193326-9904-48B2-90D8-9AC51F21FE1F}.Debug|Mixed Platforms.ActiveCfg = Debug|Any CPU
		{33193326-9904-48B2-90D8-9AC51F21FE1F}.Debug|Mixed Platforms.Build.0 = Debug|Any CPU
		{33193326-9904-48B2-90D8-9AC51F21FE1F}.Debug|x64.ActiveCfg = Debug|Any CPU
		{33193326-9904-48B2-90D8-9AC51F21FE1F}.Debug|x64.Build.0 = Debug|Any CPU
		{33193326-9904-48B2-90D8-9AC51F21FE1F}.Debug|x86.ActiveCfg = Debug|Any CPU
		{33193326-9904-48B2-90D8-9AC51F21FE1F}.Debug|x86.Build.0 = Debug|Any CPU
		{33193326-9904-48B2-90D8-9AC51F21FE1F}.Release|Any CPU.ActiveCfg = Release|Any CPU
		{33193326-9904-48B2-90D8-9AC51F21FE1F}.Release|Any CPU.Build.0 = Release|Any CPU
		{33193326-9904-48B2-90D8-9AC51F21FE1F}.Release|ARM.ActiveCfg = Release|Any CPU
		{33193326-9904-48B2-90D8-9AC51F21FE1F}.Release|ARM.Build.0 = Release|Any CPU
		{33193326-9904-48B2-90D8-9AC51F21FE1F}.Release|Mixed Platforms.ActiveCfg = Release|Any CPU
		{33193326-9904-48B2-90D8-9AC51F21FE1F}.Release|Mixed Platforms.Build.0 = Release|Any CPU
		{33193326-9904-48B2-90D8-9AC51F21FE1F}.Release|x64.ActiveCfg = Release|Any CPU
		{33193326-9904-48B2-90D8-9AC51F21FE1F}.Release|x64.Build.0 = Release|Any CPU
		{33193326-9904-48B2-90D8-9AC51F21FE1F}.Release|x86.ActiveCfg = Release|Any CPU
		{33193326-9904-48B2-90D8-9AC51F21FE1F}.Release|x86.Build.0 = Release|Any CPU
		{B89C69FD-D197-469B-9BF9-D2174308E2ED}.Debug|Any CPU.ActiveCfg = Debug|Any CPU
		{B89C69FD-D197-469B-9BF9-D2174308E2ED}.Debug|Any CPU.Build.0 = Debug|Any CPU
		{B89C69FD-D197-469B-9BF9-D2174308E2ED}.Debug|ARM.ActiveCfg = Debug|Any CPU
		{B89C69FD-D197-469B-9BF9-D2174308E2ED}.Debug|ARM.Build.0 = Debug|Any CPU
		{B89C69FD-D197-469B-9BF9-D2174308E2ED}.Debug|Mixed Platforms.ActiveCfg = Debug|Any CPU
		{B89C69FD-D197-469B-9BF9-D2174308E2ED}.Debug|Mixed Platforms.Build.0 = Debug|Any CPU
		{B89C69FD-D197-469B-9BF9-D2174308E2ED}.Debug|x64.ActiveCfg = Debug|Any CPU
		{B89C69FD-D197-469B-9BF9-D2174308E2ED}.Debug|x64.Build.0 = Debug|Any CPU
		{B89C69FD-D197-469B-9BF9-D2174308E2ED}.Debug|x86.ActiveCfg = Debug|Any CPU
		{B89C69FD-D197-469B-9BF9-D2174308E2ED}.Debug|x86.Build.0 = Debug|Any CPU
		{B89C69FD-D197-469B-9BF9-D2174308E2ED}.Release|Any CPU.ActiveCfg = Release|Any CPU
		{B89C69FD-D197-469B-9BF9-D2174308E2ED}.Release|Any CPU.Build.0 = Release|Any CPU
		{B89C69FD-D197-469B-9BF9-D2174308E2ED}.Release|ARM.ActiveCfg = Release|Any CPU
		{B89C69FD-D197-469B-9BF9-D2174308E2ED}.Release|ARM.Build.0 = Release|Any CPU
		{B89C69FD-D197-469B-9BF9-D2174308E2ED}.Release|Mixed Platforms.ActiveCfg = Release|Any CPU
		{B89C69FD-D197-469B-9BF9-D2174308E2ED}.Release|Mixed Platforms.Build.0 = Release|Any CPU
		{B89C69FD-D197-469B-9BF9-D2174308E2ED}.Release|x64.ActiveCfg = Release|Any CPU
		{B89C69FD-D197-469B-9BF9-D2174308E2ED}.Release|x64.Build.0 = Release|Any CPU
		{B89C69FD-D197-469B-9BF9-D2174308E2ED}.Release|x86.ActiveCfg = Release|Any CPU
		{B89C69FD-D197-469B-9BF9-D2174308E2ED}.Release|x86.Build.0 = Release|Any CPU
	EndGlobalSection
	GlobalSection(SolutionProperties) = preSolution
		HideSolutionNode = FALSE
	EndGlobalSection
	GlobalSection(ExtensibilityGlobals) = postSolution
		SolutionGuid = {BAD6019D-4AF7-4E15-99A0-8036E16FC0E5}
	EndGlobalSection
	GlobalSection(TestCaseManagementSettings) = postSolution
		CategoryFile = Renci.SshNet1.vsmdi
	EndGlobalSection
EndGlobal
